
Microsoft Visual Studio Solution File, Format Version 12.00
Project("{FAE04EC0-301F-11D3-BF4B-00C04F79EFBC}") = "Unit1", "Unit1\Unit1.csproj", "{89C3CCDD-9135-40E6-B509-912FF14F5D95}"
EndProject
Project("{2150E333-8FDC-42A3-9474-1A3956D46DE8}") = "Unit2", "Unit2", "{ACF0DBB7-F794-473D-8577-EB115ADD5C03}"
EndProject
Project("{FAE04EC0-301F-11D3-BF4B-00C04F79EFBC}") = "SingletonRealExample", "SingletonRealExample\SingletonRealExample.csproj", "{89DEFD0B-82B6-4CE8-BF0C-4B149EFD4B95}"
EndProject
Project("{FAE04EC0-301F-11D3-BF4B-00C04F79EFBC}") = "AbstractFactoryRealExample", "AbstractFactoryRealExample\AbstractFactoryRealExample.csproj", "{A4EAACBF-7141-4BC7-9041-7D4E63D15D9E}"
EndProject
Project("{FAE04EC0-301F-11D3-BF4B-00C04F79EFBC}") = "FactoryMethodRealExample", "FactoryMethodRealExample\FactoryMethodRealExample.csproj", "{E8E2650D-5F29-4624-9A12-CE84A30C4130}"
EndProject
Project("{2150E333-8FDC-42A3-9474-1A3956D46DE8}") = "Unit3", "Unit3", "{ECD04618-E998-4882-99EE-1E85001BD37C}"
EndProject
Project("{FAE04EC0-301F-11D3-BF4B-00C04F79EFBC}") = "AdapterExample", "AdapterExample\AdapterExample.csproj", "{8F489E9D-2AA7-417B-A4FB-1BD40C72CF9C}"
EndProject
Project("{FAE04EC0-301F-11D3-BF4B-00C04F79EFBC}") = "AdapterRealExample", "AdapterRealExample\AdapterRealExample.csproj", "{6F0F4D33-57DB-45E9-97AB-5AA40DAA1626}"
EndProject
Project("{FAE04EC0-301F-11D3-BF4B-00C04F79EFBC}") = "CompositeExample", "CompositeExample\CompositeExample.csproj", "{383048A6-42C8-4CC5-A464-D16DEA9BC97E}"
EndProject
Project("{FAE04EC0-301F-11D3-BF4B-00C04F79EFBC}") = "FacadeExample", "FacadeExample\FacadeExample.csproj", "{C2AFA40C-826C-426C-B7A8-CF0E05062953}"
EndProject
Project("{FAE04EC0-301F-11D3-BF4B-00C04F79EFBC}") = "FacadeRealExample", "FacadeRealExample\FacadeRealExample.csproj", "{FB3BE23F-42D1-44CA-BD11-0CBC9CBC0F0B}"
EndProject
Project("{2150E333-8FDC-42A3-9474-1A3956D46DE8}") = "Unit4", "Unit4", "{2B85C8F4-77D4-4E63-9DD6-ECB484C714D9}"
EndProject
Project("{FAE04EC0-301F-11D3-BF4B-00C04F79EFBC}") = "ChainOfResponsibilityExample", "ChainOfResponsibilityExample\ChainOfResponsibilityExample.csproj", "{54E9C72E-78B7-4489-9F18-12250D01E37E}"
EndProject
Project("{FAE04EC0-301F-11D3-BF4B-00C04F79EFBC}") = "StateExample", "StateExample\StateExample.csproj", "{EC9F16F5-9F2C-4D40-9915-B354E4DD0036}"
EndProject
Project("{FAE04EC0-301F-11D3-BF4B-00C04F79EFBC}") = "StateRealExample", "StateRealExample\StateRealExample.csproj", "{0DC97DC4-7A26-4A2D-A08C-F088870D331A}"
EndProject
Project("{FAE04EC0-301F-11D3-BF4B-00C04F79EFBC}") = "ObserverExample", "ObserverExample\ObserverExample.csproj", "{CA8539EB-7C59-4122-B809-029389F21152}"
EndProject
Project("{FAE04EC0-301F-11D3-BF4B-00C04F79EFBC}") = "ObserverRealExample", "ObserverRealExample\ObserverRealExample.csproj", "{6DD007E1-4B2C-4535-9382-7309DD134154}"
EndProject
Project("{FAE04EC0-301F-11D3-BF4B-00C04F79EFBC}") = "Task", "Task\Task.csproj", "{D4BDE253-8A31-485B-906D-40C74DD92C4F}"
EndProject
Global
	GlobalSection(SolutionConfigurationPlatforms) = preSolution
		Debug|Any CPU = Debug|Any CPU
		Release|Any CPU = Release|Any CPU
	EndGlobalSection
	GlobalSection(ProjectConfigurationPlatforms) = postSolution
		{89C3CCDD-9135-40E6-B509-912FF14F5D95}.Debug|Any CPU.ActiveCfg = Debug|Any CPU
		{89C3CCDD-9135-40E6-B509-912FF14F5D95}.Debug|Any CPU.Build.0 = Debug|Any CPU
		{89C3CCDD-9135-40E6-B509-912FF14F5D95}.Release|Any CPU.ActiveCfg = Release|Any CPU
		{89C3CCDD-9135-40E6-B509-912FF14F5D95}.Release|Any CPU.Build.0 = Release|Any CPU
		{89DEFD0B-82B6-4CE8-BF0C-4B149EFD4B95}.Debug|Any CPU.ActiveCfg = Debug|Any CPU
		{89DEFD0B-82B6-4CE8-BF0C-4B149EFD4B95}.Debug|Any CPU.Build.0 = Debug|Any CPU
		{89DEFD0B-82B6-4CE8-BF0C-4B149EFD4B95}.Release|Any CPU.ActiveCfg = Release|Any CPU
		{89DEFD0B-82B6-4CE8-BF0C-4B149EFD4B95}.Release|Any CPU.Build.0 = Release|Any CPU
		{A4EAACBF-7141-4BC7-9041-7D4E63D15D9E}.Debug|Any CPU.ActiveCfg = Debug|Any CPU
		{A4EAACBF-7141-4BC7-9041-7D4E63D15D9E}.Debug|Any CPU.Build.0 = Debug|Any CPU
		{A4EAACBF-7141-4BC7-9041-7D4E63D15D9E}.Release|Any CPU.ActiveCfg = Release|Any CPU
		{A4EAACBF-7141-4BC7-9041-7D4E63D15D9E}.Release|Any CPU.Build.0 = Release|Any CPU
		{E8E2650D-5F29-4624-9A12-CE84A30C4130}.Debug|Any CPU.ActiveCfg = Debug|Any CPU
		{E8E2650D-5F29-4624-9A12-CE84A30C4130}.Debug|Any CPU.Build.0 = Debug|Any CPU
		{E8E2650D-5F29-4624-9A12-CE84A30C4130}.Release|Any CPU.ActiveCfg = Release|Any CPU
		{E8E2650D-5F29-4624-9A12-CE84A30C4130}.Release|Any CPU.Build.0 = Release|Any CPU
		{8F489E9D-2AA7-417B-A4FB-1BD40C72CF9C}.Debug|Any CPU.ActiveCfg = Debug|Any CPU
		{8F489E9D-2AA7-417B-A4FB-1BD40C72CF9C}.Debug|Any CPU.Build.0 = Debug|Any CPU
		{8F489E9D-2AA7-417B-A4FB-1BD40C72CF9C}.Release|Any CPU.ActiveCfg = Release|Any CPU
		{8F489E9D-2AA7-417B-A4FB-1BD40C72CF9C}.Release|Any CPU.Build.0 = Release|Any CPU
		{6F0F4D33-57DB-45E9-97AB-5AA40DAA1626}.Debug|Any CPU.ActiveCfg = Debug|Any CPU
		{6F0F4D33-57DB-45E9-97AB-5AA40DAA1626}.Debug|Any CPU.Build.0 = Debug|Any CPU
		{6F0F4D33-57DB-45E9-97AB-5AA40DAA1626}.Release|Any CPU.ActiveCfg = Release|Any CPU
		{6F0F4D33-57DB-45E9-97AB-5AA40DAA1626}.Release|Any CPU.Build.0 = Release|Any CPU
		{383048A6-42C8-4CC5-A464-D16DEA9BC97E}.Debug|Any CPU.ActiveCfg = Debug|Any CPU
		{383048A6-42C8-4CC5-A464-D16DEA9BC97E}.Debug|Any CPU.Build.0 = Debug|Any CPU
		{383048A6-42C8-4CC5-A464-D16DEA9BC97E}.Release|Any CPU.ActiveCfg = Release|Any CPU
		{383048A6-42C8-4CC5-A464-D16DEA9BC97E}.Release|Any CPU.Build.0 = Release|Any CPU
		{C2AFA40C-826C-426C-B7A8-CF0E05062953}.Debug|Any CPU.ActiveCfg = Debug|Any CPU
		{C2AFA40C-826C-426C-B7A8-CF0E05062953}.Debug|Any CPU.Build.0 = Debug|Any CPU
		{C2AFA40C-826C-426C-B7A8-CF0E05062953}.Release|Any CPU.ActiveCfg = Release|Any CPU
		{C2AFA40C-826C-426C-B7A8-CF0E05062953}.Release|Any CPU.Build.0 = Release|Any CPU
		{FB3BE23F-42D1-44CA-BD11-0CBC9CBC0F0B}.Debug|Any CPU.ActiveCfg = Debug|Any CPU
		{FB3BE23F-42D1-44CA-BD11-0CBC9CBC0F0B}.Debug|Any CPU.Build.0 = Debug|Any CPU
		{FB3BE23F-42D1-44CA-BD11-0CBC9CBC0F0B}.Release|Any CPU.ActiveCfg = Release|Any CPU
		{FB3BE23F-42D1-44CA-BD11-0CBC9CBC0F0B}.Release|Any CPU.Build.0 = Release|Any CPU
		{54E9C72E-78B7-4489-9F18-12250D01E37E}.Debug|Any CPU.ActiveCfg = Debug|Any CPU
		{54E9C72E-78B7-4489-9F18-12250D01E37E}.Debug|Any CPU.Build.0 = Debug|Any CPU
		{54E9C72E-78B7-4489-9F18-12250D01E37E}.Release|Any CPU.ActiveCfg = Release|Any CPU
		{54E9C72E-78B7-4489-9F18-12250D01E37E}.Release|Any CPU.Build.0 = Release|Any CPU
		{EC9F16F5-9F2C-4D40-9915-B354E4DD0036}.Debug|Any CPU.ActiveCfg = Debug|Any CPU
		{EC9F16F5-9F2C-4D40-9915-B354E4DD0036}.Debug|Any CPU.Build.0 = Debug|Any CPU
		{EC9F16F5-9F2C-4D40-9915-B354E4DD0036}.Release|Any CPU.ActiveCfg = Release|Any CPU
		{EC9F16F5-9F2C-4D40-9915-B354E4DD0036}.Release|Any CPU.Build.0 = Release|Any CPU
		{0DC97DC4-7A26-4A2D-A08C-F088870D331A}.Debug|Any CPU.ActiveCfg = Debug|Any CPU
		{0DC97DC4-7A26-4A2D-A08C-F088870D331A}.Debug|Any CPU.Build.0 = Debug|Any CPU
		{0DC97DC4-7A26-4A2D-A08C-F088870D331A}.Release|Any CPU.ActiveCfg = Release|Any CPU
		{0DC97DC4-7A26-4A2D-A08C-F088870D331A}.Release|Any CPU.Build.0 = Release|Any CPU
		{CA8539EB-7C59-4122-B809-029389F21152}.Debug|Any CPU.ActiveCfg = Debug|Any CPU
		{CA8539EB-7C59-4122-B809-029389F21152}.Debug|Any CPU.Build.0 = Debug|Any CPU
		{CA8539EB-7C59-4122-B809-029389F21152}.Release|Any CPU.ActiveCfg = Release|Any CPU
		{CA8539EB-7C59-4122-B809-029389F21152}.Release|Any CPU.Build.0 = Release|Any CPU
		{6DD007E1-4B2C-4535-9382-7309DD134154}.Debug|Any CPU.ActiveCfg = Debug|Any CPU
		{6DD007E1-4B2C-4535-9382-7309DD134154}.Debug|Any CPU.Build.0 = Debug|Any CPU
		{6DD007E1-4B2C-4535-9382-7309DD134154}.Release|Any CPU.ActiveCfg = Release|Any CPU
		{6DD007E1-4B2C-4535-9382-7309DD134154}.Release|Any CPU.Build.0 = Release|Any CPU
		{D4BDE253-8A31-485B-906D-40C74DD92C4F}.Debug|Any CPU.ActiveCfg = Debug|Any CPU
		{D4BDE253-8A31-485B-906D-40C74DD92C4F}.Debug|Any CPU.Build.0 = Debug|Any CPU
		{D4BDE253-8A31-485B-906D-40C74DD92C4F}.Release|Any CPU.ActiveCfg = Release|Any CPU
		{D4BDE253-8A31-485B-906D-40C74DD92C4F}.Release|Any CPU.Build.0 = Release|Any CPU
	EndGlobalSection
	GlobalSection(NestedProjects) = preSolution
		{89DEFD0B-82B6-4CE8-BF0C-4B149EFD4B95} = {ACF0DBB7-F794-473D-8577-EB115ADD5C03}
		{A4EAACBF-7141-4BC7-9041-7D4E63D15D9E} = {ACF0DBB7-F794-473D-8577-EB115ADD5C03}
		{E8E2650D-5F29-4624-9A12-CE84A30C4130} = {ACF0DBB7-F794-473D-8577-EB115ADD5C03}
		{8F489E9D-2AA7-417B-A4FB-1BD40C72CF9C} = {ECD04618-E998-4882-99EE-1E85001BD37C}
		{6F0F4D33-57DB-45E9-97AB-5AA40DAA1626} = {ECD04618-E998-4882-99EE-1E85001BD37C}
		{383048A6-42C8-4CC5-A464-D16DEA9BC97E} = {ECD04618-E998-4882-99EE-1E85001BD37C}
		{C2AFA40C-826C-426C-B7A8-CF0E05062953} = {ECD04618-E998-4882-99EE-1E85001BD37C}
		{FB3BE23F-42D1-44CA-BD11-0CBC9CBC0F0B} = {ECD04618-E998-4882-99EE-1E85001BD37C}
		{54E9C72E-78B7-4489-9F18-12250D01E37E} = {2B85C8F4-77D4-4E63-9DD6-ECB484C714D9}
		{EC9F16F5-9F2C-4D40-9915-B354E4DD0036} = {2B85C8F4-77D4-4E63-9DD6-ECB484C714D9}
		{0DC97DC4-7A26-4A2D-A08C-F088870D331A} = {2B85C8F4-77D4-4E63-9DD6-ECB484C714D9}
		{CA8539EB-7C59-4122-B809-029389F21152} = {2B85C8F4-77D4-4E63-9DD6-ECB484C714D9}
		{6DD007E1-4B2C-4535-9382-7309DD134154} = {2B85C8F4-77D4-4E63-9DD6-ECB484C714D9}
	EndGlobalSection
EndGlobal
