
Microsoft Visual Studio Solution File, Format Version 12.00
Project("{FAE04EC0-301F-11D3-BF4B-00C04F79EFBC}") = "SocialNetwork", "SocialNetwork\SocialNetwork.csproj", "{FFC25D42-CA82-4180-A479-E2926EB4E699}"
EndProject
Global
	GlobalSection(SolutionConfigurationPlatforms) = preSolution
		Debug|Any CPU = Debug|Any CPU
		Release|Any CPU = Release|Any CPU
	EndGlobalSection
	GlobalSection(ProjectConfigurationPlatforms) = postSolution
		{FFC25D42-CA82-4180-A479-E2926EB4E699}.Debug|Any CPU.ActiveCfg = Debug|Any CPU
		{FFC25D42-CA82-4180-A479-E2926EB4E699}.Debug|Any CPU.Build.0 = Debug|Any CPU
		{FFC25D42-CA82-4180-A479-E2926EB4E699}.Release|Any CPU.ActiveCfg = Release|Any CPU
		{FFC25D42-CA82-4180-A479-E2926EB4E699}.Release|Any CPU.Build.0 = Release|Any CPU
	EndGlobalSection
EndGlobal
