
Microsoft Visual Studio Solution File, Format Version 12.00
Project("{FAE04EC0-301F-11D3-BF4B-00C04F79EFBC}") = "Unit2", "Unit2\Unit2.csproj", "{7138D561-8385-45CC-82C1-966A4E5E21EB}"
EndProject
Project("{FAE04EC0-301F-11D3-BF4B-00C04F79EFBC}") = "Unit2.Tests", "Unit2.Tests\Unit2.Tests.csproj", "{771106B6-8EC2-4C6A-B636-382D06EB5D02}"
EndProject
Project("{FAE04EC0-301F-11D3-BF4B-00C04F79EFBC}") = "Unit3", "Unit3\Unit3.csproj", "{8A2477AA-E118-423E-8E25-C0AC59B4BFCD}"
EndProject
Project("{FAE04EC0-301F-11D3-BF4B-00C04F79EFBC}") = "Unit3.Tests", "Unit3.Tests\Unit3.Tests.csproj", "{1BB2771B-0702-4796-A746-4F9A7FAC2CDC}"
EndProject
Project("{FAE04EC0-301F-11D3-BF4B-00C04F79EFBC}") = "Unit4", "Unit4\Unit4.csproj", "{BCB53440-58A7-4A1A-9F2B-C72EC474BCE8}"
EndProject
Project("{FAE04EC0-301F-11D3-BF4B-00C04F79EFBC}") = "Unit4.Tests", "Unit4.Tests\Unit4.Tests.csproj", "{DFD437B4-219F-4BCC-8396-C31FC261AA13}"
EndProject
Project("{FAE04EC0-301F-11D3-BF4B-00C04F79EFBC}") = "Unit5", "Unit5\Unit5.csproj", "{9A7058BE-3401-45A3-A008-C13E9F02BFA6}"
EndProject
Project("{FAE04EC0-301F-11D3-BF4B-00C04F79EFBC}") = "Unit5.Tests", "Unit5.Tests\Unit5.Tests.csproj", "{6B23FAEE-0BA5-430B-BC2F-CB9227A53C05}"
EndProject
Project("{FAE04EC0-301F-11D3-BF4B-00C04F79EFBC}") = "Unit6", "Unit6\Unit6.csproj", "{CF663185-2191-4BC9-97F8-B6DC08B87DEB}"
EndProject
Project("{FAE04EC0-301F-11D3-BF4B-00C04F79EFBC}") = "Unit6.Tests", "Unit6.Tests\Unit6.Tests.csproj", "{44E23116-6F2A-42C5-9319-ACBC2FA7CBA0}"
EndProject
Project("{FAE04EC0-301F-11D3-BF4B-00C04F79EFBC}") = "TaskUnit7", "TaskUnit7\TaskUnit7.csproj", "{5B9CF209-0CAF-491F-9C42-654C44728371}"
EndProject
Project("{FAE04EC0-301F-11D3-BF4B-00C04F79EFBC}") = "TaskUnit7.Tests", "TaskUnit7.Tests\TaskUnit7.Tests.csproj", "{6592C294-9573-417F-AFAC-1D9AAA59E50E}"
EndProject
Global
	GlobalSection(SolutionConfigurationPlatforms) = preSolution
		Debug|Any CPU = Debug|Any CPU
		Release|Any CPU = Release|Any CPU
	EndGlobalSection
	GlobalSection(ProjectConfigurationPlatforms) = postSolution
		{7138D561-8385-45CC-82C1-966A4E5E21EB}.Debug|Any CPU.ActiveCfg = Debug|Any CPU
		{7138D561-8385-45CC-82C1-966A4E5E21EB}.Debug|Any CPU.Build.0 = Debug|Any CPU
		{7138D561-8385-45CC-82C1-966A4E5E21EB}.Release|Any CPU.ActiveCfg = Release|Any CPU
		{7138D561-8385-45CC-82C1-966A4E5E21EB}.Release|Any CPU.Build.0 = Release|Any CPU
		{771106B6-8EC2-4C6A-B636-382D06EB5D02}.Debug|Any CPU.ActiveCfg = Debug|Any CPU
		{771106B6-8EC2-4C6A-B636-382D06EB5D02}.Debug|Any CPU.Build.0 = Debug|Any CPU
		{771106B6-8EC2-4C6A-B636-382D06EB5D02}.Release|Any CPU.ActiveCfg = Release|Any CPU
		{771106B6-8EC2-4C6A-B636-382D06EB5D02}.Release|Any CPU.Build.0 = Release|Any CPU
		{8A2477AA-E118-423E-8E25-C0AC59B4BFCD}.Debug|Any CPU.ActiveCfg = Debug|Any CPU
		{8A2477AA-E118-423E-8E25-C0AC59B4BFCD}.Debug|Any CPU.Build.0 = Debug|Any CPU
		{8A2477AA-E118-423E-8E25-C0AC59B4BFCD}.Release|Any CPU.ActiveCfg = Release|Any CPU
		{8A2477AA-E118-423E-8E25-C0AC59B4BFCD}.Release|Any CPU.Build.0 = Release|Any CPU
		{1BB2771B-0702-4796-A746-4F9A7FAC2CDC}.Debug|Any CPU.ActiveCfg = Debug|Any CPU
		{1BB2771B-0702-4796-A746-4F9A7FAC2CDC}.Debug|Any CPU.Build.0 = Debug|Any CPU
		{1BB2771B-0702-4796-A746-4F9A7FAC2CDC}.Release|Any CPU.ActiveCfg = Release|Any CPU
		{1BB2771B-0702-4796-A746-4F9A7FAC2CDC}.Release|Any CPU.Build.0 = Release|Any CPU
		{BCB53440-58A7-4A1A-9F2B-C72EC474BCE8}.Debug|Any CPU.ActiveCfg = Debug|Any CPU
		{BCB53440-58A7-4A1A-9F2B-C72EC474BCE8}.Debug|Any CPU.Build.0 = Debug|Any CPU
		{BCB53440-58A7-4A1A-9F2B-C72EC474BCE8}.Release|Any CPU.ActiveCfg = Release|Any CPU
		{BCB53440-58A7-4A1A-9F2B-C72EC474BCE8}.Release|Any CPU.Build.0 = Release|Any CPU
		{DFD437B4-219F-4BCC-8396-C31FC261AA13}.Debug|Any CPU.ActiveCfg = Debug|Any CPU
		{DFD437B4-219F-4BCC-8396-C31FC261AA13}.Debug|Any CPU.Build.0 = Debug|Any CPU
		{DFD437B4-219F-4BCC-8396-C31FC261AA13}.Release|Any CPU.ActiveCfg = Release|Any CPU
		{DFD437B4-219F-4BCC-8396-C31FC261AA13}.Release|Any CPU.Build.0 = Release|Any CPU
		{9A7058BE-3401-45A3-A008-C13E9F02BFA6}.Debug|Any CPU.ActiveCfg = Debug|Any CPU
		{9A7058BE-3401-45A3-A008-C13E9F02BFA6}.Debug|Any CPU.Build.0 = Debug|Any CPU
		{9A7058BE-3401-45A3-A008-C13E9F02BFA6}.Release|Any CPU.ActiveCfg = Release|Any CPU
		{9A7058BE-3401-45A3-A008-C13E9F02BFA6}.Release|Any CPU.Build.0 = Release|Any CPU
		{6B23FAEE-0BA5-430B-BC2F-CB9227A53C05}.Debug|Any CPU.ActiveCfg = Debug|Any CPU
		{6B23FAEE-0BA5-430B-BC2F-CB9227A53C05}.Debug|Any CPU.Build.0 = Debug|Any CPU
		{6B23FAEE-0BA5-430B-BC2F-CB9227A53C05}.Release|Any CPU.ActiveCfg = Release|Any CPU
		{6B23FAEE-0BA5-430B-BC2F-CB9227A53C05}.Release|Any CPU.Build.0 = Release|Any CPU
		{CF663185-2191-4BC9-97F8-B6DC08B87DEB}.Debug|Any CPU.ActiveCfg = Debug|Any CPU
		{CF663185-2191-4BC9-97F8-B6DC08B87DEB}.Debug|Any CPU.Build.0 = Debug|Any CPU
		{CF663185-2191-4BC9-97F8-B6DC08B87DEB}.Release|Any CPU.ActiveCfg = Release|Any CPU
		{CF663185-2191-4BC9-97F8-B6DC08B87DEB}.Release|Any CPU.Build.0 = Release|Any CPU
		{44E23116-6F2A-42C5-9319-ACBC2FA7CBA0}.Debug|Any CPU.ActiveCfg = Debug|Any CPU
		{44E23116-6F2A-42C5-9319-ACBC2FA7CBA0}.Debug|Any CPU.Build.0 = Debug|Any CPU
		{44E23116-6F2A-42C5-9319-ACBC2FA7CBA0}.Release|Any CPU.ActiveCfg = Release|Any CPU
		{44E23116-6F2A-42C5-9319-ACBC2FA7CBA0}.Release|Any CPU.Build.0 = Release|Any CPU
		{5B9CF209-0CAF-491F-9C42-654C44728371}.Debug|Any CPU.ActiveCfg = Debug|Any CPU
		{5B9CF209-0CAF-491F-9C42-654C44728371}.Debug|Any CPU.Build.0 = Debug|Any CPU
		{5B9CF209-0CAF-491F-9C42-654C44728371}.Release|Any CPU.ActiveCfg = Release|Any CPU
		{5B9CF209-0CAF-491F-9C42-654C44728371}.Release|Any CPU.Build.0 = Release|Any CPU
		{6592C294-9573-417F-AFAC-1D9AAA59E50E}.Debug|Any CPU.ActiveCfg = Debug|Any CPU
		{6592C294-9573-417F-AFAC-1D9AAA59E50E}.Debug|Any CPU.Build.0 = Debug|Any CPU
		{6592C294-9573-417F-AFAC-1D9AAA59E50E}.Release|Any CPU.ActiveCfg = Release|Any CPU
		{6592C294-9573-417F-AFAC-1D9AAA59E50E}.Release|Any CPU.Build.0 = Release|Any CPU
	EndGlobalSection
EndGlobal
